
Microsoft Visual Studio Solution File, Format Version 12.00
# Visual Studio Version 16
VisualStudioVersion = 16.0.31105.61
MinimumVisualStudioVersion = 10.0.40219.1
Project("{FAE04EC0-301F-11D3-BF4B-00C04F79EFBC}") = "Paup_2021_ServisVozila", "Paup_2021_ServisVozila.csproj", "{D541C65F-D100-44E9-8D8F-7CF6C743F13B}"
EndProject
Project("{FAE04EC0-301F-11D3-BF4B-00C04F79EFBC}") = "Paup2021_ServisVozila_UnitTest", "..\Paup2021_ServisVozila_UnitTest\Paup2021_ServisVozila_UnitTest.csproj", "{8B676142-CC4D-49F7-ACA4-A0D23500877B}"
EndProject
Global
	GlobalSection(SolutionConfigurationPlatforms) = preSolution
		Debug|Any CPU = Debug|Any CPU
		Release|Any CPU = Release|Any CPU
	EndGlobalSection
	GlobalSection(ProjectConfigurationPlatforms) = postSolution
		{D541C65F-D100-44E9-8D8F-7CF6C743F13B}.Debug|Any CPU.ActiveCfg = Debug|Any CPU
		{D541C65F-D100-44E9-8D8F-7CF6C743F13B}.Debug|Any CPU.Build.0 = Debug|Any CPU
		{D541C65F-D100-44E9-8D8F-7CF6C743F13B}.Release|Any CPU.ActiveCfg = Release|Any CPU
		{D541C65F-D100-44E9-8D8F-7CF6C743F13B}.Release|Any CPU.Build.0 = Release|Any CPU
		{8B676142-CC4D-49F7-ACA4-A0D23500877B}.Debug|Any CPU.ActiveCfg = Debug|Any CPU
		{8B676142-CC4D-49F7-ACA4-A0D23500877B}.Debug|Any CPU.Build.0 = Debug|Any CPU
		{8B676142-CC4D-49F7-ACA4-A0D23500877B}.Release|Any CPU.ActiveCfg = Release|Any CPU
		{8B676142-CC4D-49F7-ACA4-A0D23500877B}.Release|Any CPU.Build.0 = Release|Any CPU
	EndGlobalSection
	GlobalSection(SolutionProperties) = preSolution
		HideSolutionNode = FALSE
	EndGlobalSection
	GlobalSection(ExtensibilityGlobals) = postSolution
		SolutionGuid = {31B66AE9-C5B6-40C9-817E-258A82ED3294}
	EndGlobalSection
EndGlobal
